<?xml version="1.0" encoding="utf-8"?>
<Project ToolsVersion="4.0" xmlns="http://schemas.microsoft.com/developer/msbuild/2003">
  <ItemGroup>
    <Filter Include="Source Files">
      <UniqueIdentifier>{4FC737F1-C7A5-4376-A066-2A32D752A2FF}</UniqueIdentifier>
      <Extensions>cpp;c;cc;cxx;def;odl;idl;hpj;bat;asm;asmx</Extensions>
    </Filter>
    <Filter Include="Header Files">
      <UniqueIdentifier>{93995380-89BD-4b04-88EB-625FBE52EBFB}</UniqueIdentifier>
      <Extensions>h;hpp;hxx;hm;inl;inc;xsd</Extensions>
    </Filter>
    <Filter Include="Resource Files">
      <UniqueIdentifier>{67DA6AB6-F800-4c08-8B7A-83BB121AAD01}</UniqueIdentifier>
      <Extensions>rc;ico;cur;bmp;dlg;rc2;rct;bin;rgs;gif;jpg;jpeg;jpe;resx;tiff;tif;png;wav;mfcribbon-ms</Extensions>
    </Filter>
    <Filter Include="Source Files\Materials">
      <UniqueIdentifier>{eace7952-cf10-46c4-8f0e-6d9d9e27600b}</UniqueIdentifier>
    </Filter>
    <Filter Include="Header Files\Material">
      <UniqueIdentifier>{42d04a9d-ad41-4828-b946-d3f61a13a5fa}</UniqueIdentifier>
    </Filter>
    <Filter Include="Source Files\GraphicsUtils">
      <UniqueIdentifier>{609e546e-a556-470e-abf1-0e8f0b1c8fd8}</UniqueIdentifier>
    </Filter>
    <Filter Include="Source Files\Renderer">
      <UniqueIdentifier>{e1bdebfa-fbe4-46de-996f-c41bc5c2a83e}</UniqueIdentifier>
    </Filter>
    <Filter Include="Header Files\GraphicsUtils">
      <UniqueIdentifier>{ce656222-1282-4f47-8d88-9df7648746d0}</UniqueIdentifier>
    </Filter>
    <Filter Include="Header Files\Renderer">
      <UniqueIdentifier>{18e3ba23-63bf-42af-8f08-ceaeea634321}</UniqueIdentifier>
    </Filter>
    <Filter Include="Header Files\UI">
      <UniqueIdentifier>{ea05a4c0-5239-4939-978c-8e3a9403c3fa}</UniqueIdentifier>
    </Filter>
    <Filter Include="Source Files\UI">
      <UniqueIdentifier>{25ac016b-7c13-45d1-b5ea-89734b67c5eb}</UniqueIdentifier>
    </Filter>
  </ItemGroup>
  <ItemGroup>
    <ClCompile Include="VulkanLoader.cpp">
      <Filter>Source Files</Filter>
    </ClCompile>
    <ClCompile Include="main.cpp">
      <Filter>Source Files</Filter>
    </ClCompile>
    <ClCompile Include="Utils.cpp">
      <Filter>Source Files</Filter>
    </ClCompile>
    <ClCompile Include="PickManager.cpp">
      <Filter>Source Files</Filter>
    </ClCompile>
    <ClCompile Include="Serializer.cpp">
      <Filter>Source Files</Filter>
    </ClCompile>
    <ClCompile Include="Material.cpp">
      <Filter>Source Files\Materials</Filter>
    </ClCompile>
    <ClCompile Include="Batch.cpp">
      <Filter>Source Files\GraphicsUtils</Filter>
    </ClCompile>
    <ClCompile Include="Mesh.cpp">
      <Filter>Source Files\GraphicsUtils</Filter>
    </ClCompile>
    <ClCompile Include="Texture.cpp">
      <Filter>Source Files\GraphicsUtils</Filter>
    </ClCompile>
    <ClCompile Include="DebugMarkers.cpp">
      <Filter>Source Files\GraphicsUtils</Filter>
    </ClCompile>
    <ClCompile Include="DescriptorsUtils.cpp">
      <Filter>Source Files\GraphicsUtils</Filter>
    </ClCompile>
    <ClCompile Include="Lights.cpp">
      <Filter>Source Files\GraphicsUtils</Filter>
    </ClCompile>
    <ClCompile Include="MemoryManager.cpp">
      <Filter>Source Files\GraphicsUtils</Filter>
    </ClCompile>
    <ClCompile Include="Camera.cpp">
      <Filter>Source Files\GraphicsUtils</Filter>
    </ClCompile>
    <ClCompile Include="ResourceLoader.cpp">
      <Filter>Source Files\GraphicsUtils</Filter>
    </ClCompile>
    <ClCompile Include="Object.cpp">
      <Filter>Source Files\GraphicsUtils</Filter>
    </ClCompile>
    <ClCompile Include="3DTexture.cpp">
      <Filter>Source Files\Renderer</Filter>
    </ClCompile>
    <ClCompile Include="ao.cpp">
      <Filter>Source Files\Renderer</Filter>
    </ClCompile>
    <ClCompile Include="Fog.cpp">
      <Filter>Source Files\Renderer</Filter>
    </ClCompile>
    <ClCompile Include="Particles.cpp">
      <Filter>Source Files\Renderer</Filter>
    </ClCompile>
    <ClCompile Include="PointLightRenderer2.cpp">
      <Filter>Source Files\Renderer</Filter>
    </ClCompile>
    <ClCompile Include="Renderer.cpp">
      <Filter>Source Files\Renderer</Filter>
    </ClCompile>
    <ClCompile Include="ScreenSpaceReflectionRenderer.cpp">
      <Filter>Source Files\Renderer</Filter>
    </ClCompile>
    <ClCompile Include="ShadowRenderer.cpp">
      <Filter>Source Files\Renderer</Filter>
    </ClCompile>
    <ClCompile Include="SkyRenderer.cpp">
      <Filter>Source Files\Renderer</Filter>
    </ClCompile>
    <ClCompile Include="MeshLoader.cpp">
      <Filter>Source Files\Renderer</Filter>
    </ClCompile>
    <ClCompile Include="DefaultMaterial.cpp">
      <Filter>Source Files\Materials</Filter>
    </ClCompile>
    <ClCompile Include="NormalMapMaterial.cpp">
      <Filter>Source Files\Materials</Filter>
    </ClCompile>
    <ClCompile Include="TerrainRenderer.cpp">
      <Filter>Source Files\Renderer</Filter>
    </ClCompile>
    <ClCompile Include="Input.cpp">
      <Filter>Source Files</Filter>
    </ClCompile>
    <ClCompile Include="Font.cpp">
      <Filter>Source Files\UI</Filter>
    </ClCompile>
    <ClCompile Include="UI.cpp">
      <Filter>Source Files\UI</Filter>
    </ClCompile>
  </ItemGroup>
  <ItemGroup>
    <ClInclude Include="VulkanLoader.h">
      <Filter>Header Files</Filter>
    </ClInclude>
    <ClInclude Include="defines.h">
      <Filter>Header Files</Filter>
    </ClInclude>
    <ClInclude Include="PickManager.h">
      <Filter>Header Files</Filter>
    </ClInclude>
    <ClInclude Include="Utils.h">
      <Filter>Header Files</Filter>
    </ClInclude>
    <ClInclude Include="Singleton.h">
      <Filter>Header Files</Filter>
    </ClInclude>
    <ClInclude Include="Serializer.h">
      <Filter>Header Files</Filter>
    </ClInclude>
    <ClInclude Include="Material.h">
      <Filter>Header Files\Material</Filter>
    </ClInclude>
    <ClInclude Include="Batch.h">
      <Filter>Header Files\GraphicsUtils</Filter>
    </ClInclude>
    <ClInclude Include="Camera.h">
      <Filter>Header Files\GraphicsUtils</Filter>
    </ClInclude>
    <ClInclude Include="DebugMarkers.h">
      <Filter>Header Files\GraphicsUtils</Filter>
    </ClInclude>
    <ClInclude Include="DescriptorsUtils.h">
      <Filter>Header Files\GraphicsUtils</Filter>
    </ClInclude>
    <ClInclude Include="include\freeimage\FreeImage.h">
      <Filter>Header Files\GraphicsUtils</Filter>
    </ClInclude>
    <ClInclude Include="Lights.h">
      <Filter>Header Files\GraphicsUtils</Filter>
    </ClInclude>
    <ClInclude Include="MemoryManager.h">
      <Filter>Header Files\GraphicsUtils</Filter>
    </ClInclude>
    <ClInclude Include="MeshLoader.h">
      <Filter>Header Files\GraphicsUtils</Filter>
    </ClInclude>
    <ClInclude Include="Mesh.h">
      <Filter>Header Files\GraphicsUtils</Filter>
    </ClInclude>
    <ClInclude Include="Object.h">
      <Filter>Header Files\GraphicsUtils</Filter>
    </ClInclude>
    <ClInclude Include="ResourceLoader.h">
      <Filter>Header Files\GraphicsUtils</Filter>
    </ClInclude>
    <ClInclude Include="ResourceTable.h">
      <Filter>Header Files\GraphicsUtils</Filter>
    </ClInclude>
    <ClInclude Include="SVertex.h">
      <Filter>Header Files\GraphicsUtils</Filter>
    </ClInclude>
    <ClInclude Include="Texture.h">
      <Filter>Header Files\GraphicsUtils</Filter>
    </ClInclude>
    <ClInclude Include="3DTexture.h">
      <Filter>Header Files\Renderer</Filter>
    </ClInclude>
    <ClInclude Include="ao.h">
      <Filter>Header Files\Renderer</Filter>
    </ClInclude>
    <ClInclude Include="Fog.h">
      <Filter>Header Files\Renderer</Filter>
    </ClInclude>
    <ClInclude Include="Particles.h">
      <Filter>Header Files\Renderer</Filter>
    </ClInclude>
    <ClInclude Include="PointLightRenderer2.h">
      <Filter>Header Files\Renderer</Filter>
    </ClInclude>
    <ClInclude Include="Renderer.h">
      <Filter>Header Files\Renderer</Filter>
    </ClInclude>
    <ClInclude Include="ScreenSpaceReflectionRenderer.h">
      <Filter>Header Files\Renderer</Filter>
    </ClInclude>
    <ClInclude Include="ShadowRenderer.h">
      <Filter>Header Files\Renderer</Filter>
    </ClInclude>
    <ClInclude Include="SkyRenderer.h">
      <Filter>Header Files\Renderer</Filter>
    </ClInclude>
    <ClInclude Include="DefaultMaterial.h">
      <Filter>Header Files\Material</Filter>
    </ClInclude>
    <ClInclude Include="NormalMapMaterial.h">
      <Filter>Header Files\Material</Filter>
    </ClInclude>
    <ClInclude Include="TerrainRenderer.h">
      <Filter>Header Files\Renderer</Filter>
    </ClInclude>
    <ClInclude Include="Input.h">
      <Filter>Header Files</Filter>
    </ClInclude>
    <ClInclude Include="Callback.h">
      <Filter>Header Files</Filter>
    </ClInclude>
    <ClInclude Include="Font.h">
      <Filter>Header Files\UI</Filter>
    </ClInclude>
    <ClInclude Include="UiUtils.h">
      <Filter>Header Files\UI</Filter>
    </ClInclude>
    <ClInclude Include="UI.h">
      <Filter>Header Files\UI</Filter>
    </ClInclude>
  </ItemGroup>
</Project>